// !$*UTF8*$!
{
	archiveVersion = 1;
	classes = {
	};
	objectVersion = 46;
	objects = {

/* Begin PBXBuildFile section */
		673644C6197E36BB004A4B11 /* babyCrash.atlas in Resources */ = {isa = PBXBuildFile; fileRef = 673644C3197E36BB004A4B11 /* babyCrash.atlas */; };
		673644C7197E36BB004A4B11 /* babyJump.atlas in Resources */ = {isa = PBXBuildFile; fileRef = 673644C4197E36BB004A4B11 /* babyJump.atlas */; };
		673644C8197E36BB004A4B11 /* babyRun.atlas in Resources */ = {isa = PBXBuildFile; fileRef = 673644C5197E36BB004A4B11 /* babyRun.atlas */; };
		67364516197E3B0B004A4B11 /* 111@2x.png in Resources */ = {isa = PBXBuildFile; fileRef = 67364515197E3B0B004A4B11 /* 111@2x.png */; };
		67392416197F84AC0079776B /* shadow@2x.png in Resources */ = {isa = PBXBuildFile; fileRef = 67392415197F84AC0079776B /* shadow@2x.png */; };
		673A74B3197DF28400F5EE6B /* Foundation.framework in Frameworks */ = {isa = PBXBuildFile; fileRef = 673A74B2197DF28400F5EE6B /* Foundation.framework */; };
		673A74B5197DF28400F5EE6B /* CoreGraphics.framework in Frameworks */ = {isa = PBXBuildFile; fileRef = 673A74B4197DF28400F5EE6B /* CoreGraphics.framework */; };
		673A74B7197DF28400F5EE6B /* UIKit.framework in Frameworks */ = {isa = PBXBuildFile; fileRef = 673A74B6197DF28400F5EE6B /* UIKit.framework */; };
		673A74B9197DF28400F5EE6B /* SpriteKit.framework in Frameworks */ = {isa = PBXBuildFile; fileRef = 673A74B8197DF28400F5EE6B /* SpriteKit.framework */; };
		673A74BF197DF28400F5EE6B /* InfoPlist.strings in Resources */ = {isa = PBXBuildFile; fileRef = 673A74BD197DF28400F5EE6B /* InfoPlist.strings */; };
		673A74C1197DF28400F5EE6B /* main.m in Sources */ = {isa = PBXBuildFile; fileRef = 673A74C0197DF28400F5EE6B /* main.m */; };
		673A74C5197DF28400F5EE6B /* AppDelegate.m in Sources */ = {isa = PBXBuildFile; fileRef = 673A74C4197DF28400F5EE6B /* AppDelegate.m */; };
		673A74C8197DF28400F5EE6B /* Main.storyboard in Resources */ = {isa = PBXBuildFile; fileRef = 673A74C6197DF28400F5EE6B /* Main.storyboard */; };
		673A74CB197DF28400F5EE6B /* ViewController.m in Sources */ = {isa = PBXBuildFile; fileRef = 673A74CA197DF28400F5EE6B /* ViewController.m */; };
		673A74CE197DF28400F5EE6B /* MyScene.m in Sources */ = {isa = PBXBuildFile; fileRef = 673A74CD197DF28400F5EE6B /* MyScene.m */; };
		673A74D2197DF28500F5EE6B /* Images.xcassets in Resources */ = {isa = PBXBuildFile; fileRef = 673A74D1197DF28500F5EE6B /* Images.xcassets */; };
		673A74D9197DF28500F5EE6B /* XCTest.framework in Frameworks */ = {isa = PBXBuildFile; fileRef = 673A74D8197DF28500F5EE6B /* XCTest.framework */; };
		673A74DA197DF28500F5EE6B /* Foundation.framework in Frameworks */ = {isa = PBXBuildFile; fileRef = 673A74B2197DF28400F5EE6B /* Foundation.framework */; };
		673A74DB197DF28500F5EE6B /* UIKit.framework in Frameworks */ = {isa = PBXBuildFile; fileRef = 673A74B6197DF28400F5EE6B /* UIKit.framework */; };
		673A74E3197DF28500F5EE6B /* InfoPlist.strings in Resources */ = {isa = PBXBuildFile; fileRef = 673A74E1197DF28500F5EE6B /* InfoPlist.strings */; };
		673A74E5197DF28500F5EE6B /* BothLiveTests.m in Sources */ = {isa = PBXBuildFile; fileRef = 673A74E4197DF28500F5EE6B /* BothLiveTests.m */; };
		67428C0D197EA2020044353F /* Spaceship@2x.png in Resources */ = {isa = PBXBuildFile; fileRef = 67428C0C197EA2020044353F /* Spaceship@2x.png */; };
		6778C6C61980072600974A31 /* obstacle.atlas in Resources */ = {isa = PBXBuildFile; fileRef = 6778C6C51980072600974A31 /* obstacle.atlas */; };
/* End PBXBuildFile section */

/* Begin PBXContainerItemProxy section */
		673A74DC197DF28500F5EE6B /* PBXContainerItemProxy */ = {
			isa = PBXContainerItemProxy;
			containerPortal = 673A74A7197DF28400F5EE6B /* Project object */;
			proxyType = 1;
			remoteGlobalIDString = 673A74AE197DF28400F5EE6B;
			remoteInfo = BothLive;
		};
/* End PBXContainerItemProxy section */

/* Begin PBXFileReference section */
		673644C3197E36BB004A4B11 /* babyCrash.atlas */ = {isa = PBXFileReference; lastKnownFileType = folder.skatlas; path = babyCrash.atlas; sourceTree = "<group>"; };
		673644C4197E36BB004A4B11 /* babyJump.atlas */ = {isa = PBXFileReference; lastKnownFileType = folder.skatlas; path = babyJump.atlas; sourceTree = "<group>"; };
		673644C5197E36BB004A4B11 /* babyRun.atlas */ = {isa = PBXFileReference; lastKnownFileType = folder.skatlas; path = babyRun.atlas; sourceTree = "<group>"; };
		67364515197E3B0B004A4B11 /* 111@2x.png */ = {isa = PBXFileReference; lastKnownFileType = image.png; path = "111@2x.png"; sourceTree = "<group>"; };
		67392415197F84AC0079776B /* shadow@2x.png */ = {isa = PBXFileReference; lastKnownFileType = image.png; path = "shadow@2x.png"; sourceTree = "<group>"; };
		673A74AF197DF28400F5EE6B /* BothLive.app */ = {isa = PBXFileReference; explicitFileType = wrapper.application; includeInIndex = 0; path = BothLive.app; sourceTree = BUILT_PRODUCTS_DIR; };
		673A74B2197DF28400F5EE6B /* Foundation.framework */ = {isa = PBXFileReference; lastKnownFileType = wrapper.framework; name = Foundation.framework; path = System/Library/Frameworks/Foundation.framework; sourceTree = SDKROOT; };
		673A74B4197DF28400F5EE6B /* CoreGraphics.framework */ = {isa = PBXFileReference; lastKnownFileType = wrapper.framework; name = CoreGraphics.framework; path = System/Library/Frameworks/CoreGraphics.framework; sourceTree = SDKROOT; };
		673A74B6197DF28400F5EE6B /* UIKit.framework */ = {isa = PBXFileReference; lastKnownFileType = wrapper.framework; name = UIKit.framework; path = System/Library/Frameworks/UIKit.framework; sourceTree = SDKROOT; };
		673A74B8197DF28400F5EE6B /* SpriteKit.framework */ = {isa = PBXFileReference; lastKnownFileType = wrapper.framework; name = SpriteKit.framework; path = System/Library/Frameworks/SpriteKit.framework; sourceTree = SDKROOT; };
		673A74BC197DF28400F5EE6B /* BothLive-Info.plist */ = {isa = PBXFileReference; lastKnownFileType = text.plist.xml; path = "BothLive-Info.plist"; sourceTree = "<group>"; };
		673A74BE197DF28400F5EE6B /* en */ = {isa = PBXFileReference; lastKnownFileType = text.plist.strings; name = en; path = en.lproj/InfoPlist.strings; sourceTree = "<group>"; };
		673A74C0197DF28400F5EE6B /* main.m */ = {isa = PBXFileReference; lastKnownFileType = sourcecode.c.objc; path = main.m; sourceTree = "<group>"; };
		673A74C2197DF28400F5EE6B /* BothLive-Prefix.pch */ = {isa = PBXFileReference; lastKnownFileType = sourcecode.c.h; path = "BothLive-Prefix.pch"; sourceTree = "<group>"; };
		673A74C3197DF28400F5EE6B /* AppDelegate.h */ = {isa = PBXFileReference; lastKnownFileType = sourcecode.c.h; path = AppDelegate.h; sourceTree = "<group>"; };
		673A74C4197DF28400F5EE6B /* AppDelegate.m */ = {isa = PBXFileReference; lastKnownFileType = sourcecode.c.objc; path = AppDelegate.m; sourceTree = "<group>"; };
		673A74C7197DF28400F5EE6B /* Base */ = {isa = PBXFileReference; lastKnownFileType = file.storyboard; name = Base; path = Base.lproj/Main.storyboard; sourceTree = "<group>"; };
		673A74C9197DF28400F5EE6B /* ViewController.h */ = {isa = PBXFileReference; lastKnownFileType = sourcecode.c.h; path = ViewController.h; sourceTree = "<group>"; };
		673A74CA197DF28400F5EE6B /* ViewController.m */ = {isa = PBXFileReference; lastKnownFileType = sourcecode.c.objc; path = ViewController.m; sourceTree = "<group>"; };
		673A74CC197DF28400F5EE6B /* MyScene.h */ = {isa = PBXFileReference; lastKnownFileType = sourcecode.c.h; path = MyScene.h; sourceTree = "<group>"; };
		673A74CD197DF28400F5EE6B /* MyScene.m */ = {isa = PBXFileReference; lastKnownFileType = sourcecode.c.objc; path = MyScene.m; sourceTree = "<group>"; };
		673A74D1197DF28500F5EE6B /* Images.xcassets */ = {isa = PBXFileReference; lastKnownFileType = folder.assetcatalog; path = Images.xcassets; sourceTree = "<group>"; };
		673A74D7197DF28500F5EE6B /* BothLiveTests.xctest */ = {isa = PBXFileReference; explicitFileType = wrapper.cfbundle; includeInIndex = 0; path = BothLiveTests.xctest; sourceTree = BUILT_PRODUCTS_DIR; };
		673A74D8197DF28500F5EE6B /* XCTest.framework */ = {isa = PBXFileReference; lastKnownFileType = wrapper.framework; name = XCTest.framework; path = Library/Frameworks/XCTest.framework; sourceTree = DEVELOPER_DIR; };
		673A74E0197DF28500F5EE6B /* BothLiveTests-Info.plist */ = {isa = PBXFileReference; lastKnownFileType = text.plist.xml; path = "BothLiveTests-Info.plist"; sourceTree = "<group>"; };
		673A74E2197DF28500F5EE6B /* en */ = {isa = PBXFileReference; lastKnownFileType = text.plist.strings; name = en; path = en.lproj/InfoPlist.strings; sourceTree = "<group>"; };
		673A74E4197DF28500F5EE6B /* BothLiveTests.m */ = {isa = PBXFileReference; lastKnownFileType = sourcecode.c.objc; path = BothLiveTests.m; sourceTree = "<group>"; };
		67428C0C197EA2020044353F /* Spaceship@2x.png */ = {isa = PBXFileReference; lastKnownFileType = image.png; path = "Spaceship@2x.png"; sourceTree = "<group>"; };
		6778C6C51980072600974A31 /* obstacle.atlas */ = {isa = PBXFileReference; lastKnownFileType = folder.skatlas; path = obstacle.atlas; sourceTree = "<group>"; };
/* End PBXFileReference section */

/* Begin PBXFrameworksBuildPhase section */
		673A74AC197DF28400F5EE6B /* Frameworks */ = {
			isa = PBXFrameworksBuildPhase;
			buildActionMask = 2147483647;
			files = (
				673A74B5197DF28400F5EE6B /* CoreGraphics.framework in Frameworks */,
				673A74B7197DF28400F5EE6B /* UIKit.framework in Frameworks */,
				673A74B9197DF28400F5EE6B /* SpriteKit.framework in Frameworks */,
				673A74B3197DF28400F5EE6B /* Foundation.framework in Frameworks */,
			);
			runOnlyForDeploymentPostprocessing = 0;
		};
		673A74D4197DF28500F5EE6B /* Frameworks */ = {
			isa = PBXFrameworksBuildPhase;
			buildActionMask = 2147483647;
			files = (
				673A74D9197DF28500F5EE6B /* XCTest.framework in Frameworks */,
				673A74DB197DF28500F5EE6B /* UIKit.framework in Frameworks */,
				673A74DA197DF28500F5EE6B /* Foundation.framework in Frameworks */,
			);
			runOnlyForDeploymentPostprocessing = 0;
		};
/* End PBXFrameworksBuildPhase section */

/* Begin PBXGroup section */
		673A74A6197DF28400F5EE6B = {
			isa = PBXGroup;
			children = (
				673A74BA197DF28400F5EE6B /* BothLive */,
				673A74DE197DF28500F5EE6B /* BothLiveTests */,
				673A74B1197DF28400F5EE6B /* Frameworks */,
				673A74B0197DF28400F5EE6B /* Products */,
			);
			sourceTree = "<group>";
		};
		673A74B0197DF28400F5EE6B /* Products */ = {
			isa = PBXGroup;
			children = (
				673A74AF197DF28400F5EE6B /* BothLive.app */,
				673A74D7197DF28500F5EE6B /* BothLiveTests.xctest */,
			);
			name = Products;
			sourceTree = "<group>";
		};
		673A74B1197DF28400F5EE6B /* Frameworks */ = {
			isa = PBXGroup;
			children = (
				673A74B2197DF28400F5EE6B /* Foundation.framework */,
				673A74B4197DF28400F5EE6B /* CoreGraphics.framework */,
				673A74B6197DF28400F5EE6B /* UIKit.framework */,
				673A74B8197DF28400F5EE6B /* SpriteKit.framework */,
				673A74D8197DF28500F5EE6B /* XCTest.framework */,
			);
			name = Frameworks;
			sourceTree = "<group>";
		};
		673A74BA197DF28400F5EE6B /* BothLive */ = {
			isa = PBXGroup;
			children = (
				6778C6C51980072600974A31 /* obstacle.atlas */,
				673644C3197E36BB004A4B11 /* babyCrash.atlas */,
				673644C4197E36BB004A4B11 /* babyJump.atlas */,
				673644C5197E36BB004A4B11 /* babyRun.atlas */,
				673A74C3197DF28400F5EE6B /* AppDelegate.h */,
				673A74C4197DF28400F5EE6B /* AppDelegate.m */,
				673A74C6197DF28400F5EE6B /* Main.storyboard */,
				673A74C9197DF28400F5EE6B /* ViewController.h */,
				673A74CA197DF28400F5EE6B /* ViewController.m */,
				673A74CC197DF28400F5EE6B /* MyScene.h */,
				673A74CD197DF28400F5EE6B /* MyScene.m */,
				67364515197E3B0B004A4B11 /* 111@2x.png */,
				67428C0C197EA2020044353F /* Spaceship@2x.png */,
				67392415197F84AC0079776B /* shadow@2x.png */,
				673A74D1197DF28500F5EE6B /* Images.xcassets */,
				673A74BB197DF28400F5EE6B /* Supporting Files */,
			);
			path = BothLive;
			sourceTree = "<group>";
		};
		673A74BB197DF28400F5EE6B /* Supporting Files */ = {
			isa = PBXGroup;
			children = (
				673A74BC197DF28400F5EE6B /* BothLive-Info.plist */,
				673A74BD197DF28400F5EE6B /* InfoPlist.strings */,
				673A74C0197DF28400F5EE6B /* main.m */,
				673A74C2197DF28400F5EE6B /* BothLive-Prefix.pch */,
			);
			name = "Supporting Files";
			sourceTree = "<group>";
		};
		673A74DE197DF28500F5EE6B /* BothLiveTests */ = {
			isa = PBXGroup;
			children = (
				673A74E4197DF28500F5EE6B /* BothLiveTests.m */,
				673A74DF197DF28500F5EE6B /* Supporting Files */,
			);
			path = BothLiveTests;
			sourceTree = "<group>";
		};
		673A74DF197DF28500F5EE6B /* Supporting Files */ = {
			isa = PBXGroup;
			children = (
				673A74E0197DF28500F5EE6B /* BothLiveTests-Info.plist */,
				673A74E1197DF28500F5EE6B /* InfoPlist.strings */,
			);
			name = "Supporting Files";
			sourceTree = "<group>";
		};
/* End PBXGroup section */

/* Begin PBXNativeTarget section */
		673A74AE197DF28400F5EE6B /* BothLive */ = {
			isa = PBXNativeTarget;
			buildConfigurationList = 673A74E8197DF28500F5EE6B /* Build configuration list for PBXNativeTarget "BothLive" */;
			buildPhases = (
				673A74AB197DF28400F5EE6B /* Sources */,
				673A74AC197DF28400F5EE6B /* Frameworks */,
				673A74AD197DF28400F5EE6B /* Resources */,
			);
			buildRules = (
			);
			dependencies = (
			);
			name = BothLive;
			productName = BothLive;
			productReference = 673A74AF197DF28400F5EE6B /* BothLive.app */;
			productType = "com.apple.product-type.application";
		};
		673A74D6197DF28500F5EE6B /* BothLiveTests */ = {
			isa = PBXNativeTarget;
			buildConfigurationList = 673A74EB197DF28500F5EE6B /* Build configuration list for PBXNativeTarget "BothLiveTests" */;
			buildPhases = (
				673A74D3197DF28500F5EE6B /* Sources */,
				673A74D4197DF28500F5EE6B /* Frameworks */,
				673A74D5197DF28500F5EE6B /* Resources */,
			);
			buildRules = (
			);
			dependencies = (
				673A74DD197DF28500F5EE6B /* PBXTargetDependency */,
			);
			name = BothLiveTests;
			productName = BothLiveTests;
			productReference = 673A74D7197DF28500F5EE6B /* BothLiveTests.xctest */;
			productType = "com.apple.product-type.bundle.unit-test";
		};
/* End PBXNativeTarget section */

/* Begin PBXProject section */
		673A74A7197DF28400F5EE6B /* Project object */ = {
			isa = PBXProject;
			attributes = {
				LastUpgradeCheck = 0510;
				ORGANIZATIONNAME = "林峰";
				TargetAttributes = {
					673A74D6197DF28500F5EE6B = {
						TestTargetID = 673A74AE197DF28400F5EE6B;
					};
				};
			};
			buildConfigurationList = 673A74AA197DF28400F5EE6B /* Build configuration list for PBXProject "BothLive" */;
			compatibilityVersion = "Xcode 3.2";
			developmentRegion = English;
			hasScannedForEncodings = 0;
			knownRegions = (
				en,
				Base,
			);
			mainGroup = 673A74A6197DF28400F5EE6B;
			productRefGroup = 673A74B0197DF28400F5EE6B /* Products */;
			projectDirPath = "";
			projectRoot = "";
			targets = (
				673A74AE197DF28400F5EE6B /* BothLive */,
				673A74D6197DF28500F5EE6B /* BothLiveTests */,
			);
		};
/* End PBXProject section */

/* Begin PBXResourcesBuildPhase section */
		673A74AD197DF28400F5EE6B /* Resources */ = {
			isa = PBXResourcesBuildPhase;
			buildActionMask = 2147483647;
			files = (
				673A74BF197DF28400F5EE6B /* InfoPlist.strings in Resources */,
				673644C8197E36BB004A4B11 /* babyRun.atlas in Resources */,
				6778C6C61980072600974A31 /* obstacle.atlas in Resources */,
				67364516197E3B0B004A4B11 /* 111@2x.png in Resources */,
				673644C6197E36BB004A4B11 /* babyCrash.atlas in Resources */,
				673A74D2197DF28500F5EE6B /* Images.xcassets in Resources */,
				67428C0D197EA2020044353F /* Spaceship@2x.png in Resources */,
				673644C7197E36BB004A4B11 /* babyJump.atlas in Resources */,
				673A74C8197DF28400F5EE6B /* Main.storyboard in Resources */,
				67392416197F84AC0079776B /* shadow@2x.png in Resources */,
			);
			runOnlyForDeploymentPostprocessing = 0;
		};
		673A74D5197DF28500F5EE6B /* Resources */ = {
			isa = PBXResourcesBuildPhase;
			buildActionMask = 2147483647;
			files = (
				673A74E3197DF28500F5EE6B /* InfoPlist.strings in Resources */,
			);
			runOnlyForDeploymentPostprocessing = 0;
		};
/* End PBXResourcesBuildPhase section */

/* Begin PBXSourcesBuildPhase section */
		673A74AB197DF28400F5EE6B /* Sources */ = {
			isa = PBXSourcesBuildPhase;
			buildActionMask = 2147483647;
			files = (
				673A74CE197DF28400F5EE6B /* MyScene.m in Sources */,
				673A74CB197DF28400F5EE6B /* ViewController.m in Sources */,
				673A74C5197DF28400F5EE6B /* AppDelegate.m in Sources */,
				673A74C1197DF28400F5EE6B /* main.m in Sources */,
			);
			runOnlyForDeploymentPostprocessing = 0;
		};
		673A74D3197DF28500F5EE6B /* Sources */ = {
			isa = PBXSourcesBuildPhase;
			buildActionMask = 2147483647;
			files = (
				673A74E5197DF28500F5EE6B /* BothLiveTests.m in Sources */,
			);
			runOnlyForDeploymentPostprocessing = 0;
		};
/* End PBXSourcesBuildPhase section */

/* Begin PBXTargetDependency section */
		673A74DD197DF28500F5EE6B /* PBXTargetDependency */ = {
			isa = PBXTargetDependency;
			target = 673A74AE197DF28400F5EE6B /* BothLive */;
			targetProxy = 673A74DC197DF28500F5EE6B /* PBXContainerItemProxy */;
		};
/* End PBXTargetDependency section */

/* Begin PBXVariantGroup section */
		673A74BD197DF28400F5EE6B /* InfoPlist.strings */ = {
			isa = PBXVariantGroup;
			children = (
				673A74BE197DF28400F5EE6B /* en */,
			);
			name = InfoPlist.strings;
			sourceTree = "<group>";
		};
		673A74C6197DF28400F5EE6B /* Main.storyboard */ = {
			isa = PBXVariantGroup;
			children = (
				673A74C7197DF28400F5EE6B /* Base */,
			);
			name = Main.storyboard;
			sourceTree = "<group>";
		};
		673A74E1197DF28500F5EE6B /* InfoPlist.strings */ = {
			isa = PBXVariantGroup;
			children = (
				673A74E2197DF28500F5EE6B /* en */,
			);
			name = InfoPlist.strings;
			sourceTree = "<group>";
		};
/* End PBXVariantGroup section */

/* Begin XCBuildConfiguration section */
		673A74E6197DF28500F5EE6B /* Debug */ = {
			isa = XCBuildConfiguration;
			buildSettings = {
				ALWAYS_SEARCH_USER_PATHS = NO;
				CLANG_CXX_LANGUAGE_STANDARD = "gnu++0x";
				CLANG_CXX_LIBRARY = "libc++";
				CLANG_ENABLE_MODULES = YES;
				CLANG_ENABLE_OBJC_ARC = YES;
				CLANG_WARN_BOOL_CONVERSION = YES;
				CLANG_WARN_CONSTANT_CONVERSION = YES;
				CLANG_WARN_DIRECT_OBJC_ISA_USAGE = YES_ERROR;
				CLANG_WARN_EMPTY_BODY = YES;
				CLANG_WARN_ENUM_CONVERSION = YES;
				CLANG_WARN_INT_CONVERSION = YES;
				CLANG_WARN_OBJC_ROOT_CLASS = YES_ERROR;
				CLANG_WARN__DUPLICATE_METHOD_MATCH = YES;
				"CODE_SIGN_IDENTITY[sdk=iphoneos*]" = "iPhone Developer";
				COPY_PHASE_STRIP = NO;
				GCC_C_LANGUAGE_STANDARD = gnu99;
				GCC_DYNAMIC_NO_PIC = NO;
				GCC_OPTIMIZATION_LEVEL = 0;
				GCC_PREPROCESSOR_DEFINITIONS = (
					"DEBUG=1",
					"$(inherited)",
				);
				GCC_SYMBOLS_PRIVATE_EXTERN = NO;
				GCC_WARN_64_TO_32_BIT_CONVERSION = YES;
				GCC_WARN_ABOUT_RETURN_TYPE = YES_ERROR;
				GCC_WARN_UNDECLARED_SELECTOR = YES;
				GCC_WARN_UNINITIALIZED_AUTOS = YES_AGGRESSIVE;
				GCC_WARN_UNUSED_FUNCTION = YES;
				GCC_WARN_UNUSED_VARIABLE = YES;
				IPHONEOS_DEPLOYMENT_TARGET = 7.1;
				ONLY_ACTIVE_ARCH = YES;
				SDKROOT = iphoneos;
			};
			name = Debug;
		};
		673A74E7197DF28500F5EE6B /* Release */ = {
			isa = XCBuildConfiguration;
			buildSettings = {
				ALWAYS_SEARCH_USER_PATHS = NO;
				CLANG_CXX_LANGUAGE_STANDARD = "gnu++0x";
				CLANG_CXX_LIBRARY = "libc++";
				CLANG_ENABLE_MODULES = YES;
				CLANG_ENABLE_OBJC_ARC = YES;
				CLANG_WARN_BOOL_CONVERSION = YES;
				CLANG_WARN_CONSTANT_CONVERSION = YES;
				CLANG_WARN_DIRECT_OBJC_ISA_USAGE = YES_ERROR;
				CLANG_WARN_EMPTY_BODY = YES;
				CLANG_WARN_ENUM_CONVERSION = YES;
				CLANG_WARN_INT_CONVERSION = YES;
				CLANG_WARN_OBJC_ROOT_CLASS = YES_ERROR;
				CLANG_WARN__DUPLICATE_METHOD_MATCH = YES;
				"CODE_SIGN_IDENTITY[sdk=iphoneos*]" = "iPhone Developer";
				COPY_PHASE_STRIP = YES;
				ENABLE_NS_ASSERTIONS = NO;
				GCC_C_LANGUAGE_STANDARD = gnu99;
				GCC_WARN_64_TO_32_BIT_CONVERSION = YES;
				GCC_WARN_ABOUT_RETURN_TYPE = YES_ERROR;
				GCC_WARN_UNDECLARED_SELECTOR = YES;
				GCC_WARN_UNINITIALIZED_AUTOS = YES_AGGRESSIVE;
				GCC_WARN_UNUSED_FUNCTION = YES;
				GCC_WARN_UNUSED_VARIABLE = YES;
				IPHONEOS_DEPLOYMENT_TARGET = 7.1;
				SDKROOT = iphoneos;
				VALIDATE_PRODUCT = YES;
			};
			name = Release;
		};
		673A74E9197DF28500F5EE6B /* Debug */ = {
			isa = XCBuildConfiguration;
			buildSettings = {
				ASSETCATALOG_COMPILER_APPICON_NAME = AppIcon;
				ASSETCATALOG_COMPILER_LAUNCHIMAGE_NAME = LaunchImage;
				GCC_PRECOMPILE_PREFIX_HEADER = YES;
				GCC_PREFIX_HEADER = "BothLive/BothLive-Prefix.pch";
				INFOPLIST_FILE = "BothLive/BothLive-Info.plist";
				PRODUCT_NAME = "$(TARGET_NAME)";
				SPRITEKIT_TEXTURE_ATLAS_OUTPUT = YES;
				WRAPPER_EXTENSION = app;
			};
			name = Debug;
		};
		673A74EA197DF28500F5EE6B /* Release */ = {
			isa = XCBuildConfiguration;
			buildSettings = {
				ASSETCATALOG_COMPILER_APPICON_NAME = AppIcon;
				ASSETCATALOG_COMPILER_LAUNCHIMAGE_NAME = LaunchImage;
				GCC_PRECOMPILE_PREFIX_HEADER = YES;
				GCC_PREFIX_HEADER = "BothLive/BothLive-Prefix.pch";
				INFOPLIST_FILE = "BothLive/BothLive-Info.plist";
				PRODUCT_NAME = "$(TARGET_NAME)";
				SPRITEKIT_TEXTURE_ATLAS_OUTPUT = YES;
				WRAPPER_EXTENSION = app;
			};
			name = Release;
		};
		673A74EC197DF28500F5EE6B /* Debug */ = {
			isa = XCBuildConfiguration;
			buildSettings = {
				BUNDLE_LOADER = "$(BUILT_PRODUCTS_DIR)/BothLive.app/BothLive";
				FRAMEWORK_SEARCH_PATHS = (
					"$(SDKROOT)/Developer/Library/Frameworks",
					"$(inherited)",
					"$(DEVELOPER_FRAMEWORKS_DIR)",
				);
				GCC_PRECOMPILE_PREFIX_HEADER = YES;
				GCC_PREFIX_HEADER = "BothLive/BothLive-Prefix.pch";
				GCC_PREPROCESSOR_DEFINITIONS = (
					"DEBUG=1",
					"$(inherited)",
				);
				INFOPLIST_FILE = "BothLiveTests/BothLiveTests-Info.plist";
				PRODUCT_NAME = "$(TARGET_NAME)";
				TEST_HOST = "$(BUNDLE_LOADER)";
				WRAPPER_EXTENSION = xctest;
			};
			name = Debug;
		};
		673A74ED197DF28500F5EE6B /* Release */ = {
			isa = XCBuildConfiguration;
			buildSettings = {
				BUNDLE_LOADER = "$(BUILT_PRODUCTS_DIR)/BothLive.app/BothLive";
				FRAMEWORK_SEARCH_PATHS = (
					"$(SDKROOT)/Developer/Library/Frameworks",
					"$(inherited)",
					"$(DEVELOPER_FRAMEWORKS_DIR)",
				);
				GCC_PRECOMPILE_PREFIX_HEADER = YES;
				GCC_PREFIX_HEADER = "BothLive/BothLive-Prefix.pch";
				INFOPLIST_FILE = "BothLiveTests/BothLiveTests-Info.plist";
				PRODUCT_NAME = "$(TARGET_NAME)";
				TEST_HOST = "$(BUNDLE_LOADER)";
				WRAPPER_EXTENSION = xctest;
			};
			name = Release;
		};
/* End XCBuildConfiguration section */

/* Begin XCConfigurationList section */
		673A74AA197DF28400F5EE6B /* Build configuration list for PBXProject "BothLive" */ = {
			isa = XCConfigurationList;
			buildConfigurations = (
				673A74E6197DF28500F5EE6B /* Debug */,
				673A74E7197DF28500F5EE6B /* Release */,
			);
			defaultConfigurationIsVisible = 0;
			defaultConfigurationName = Release;
		};
		673A74E8197DF28500F5EE6B /* Build configuration list for PBXNativeTarget "BothLive" */ = {
			isa = XCConfigurationList;
			buildConfigurations = (
				673A74E9197DF28500F5EE6B /* Debug */,
				673A74EA197DF28500F5EE6B /* Release */,
			);
			defaultConfigurationIsVisible = 0;
			defaultConfigurationName = Release;
		};
		673A74EB197DF28500F5EE6B /* Build configuration list for PBXNativeTarget "BothLiveTests" */ = {
			isa = XCConfigurationList;
			buildConfigurations = (
				673A74EC197DF28500F5EE6B /* Debug */,
				673A74ED197DF28500F5EE6B /* Release */,
			);
			defaultConfigurationIsVisible = 0;
			defaultConfigurationName = Release;
		};
/* End XCConfigurationList section */
	};
	rootObject = 673A74A7197DF28400F5EE6B /* Project object */;
}
